
Microsoft Visual Studio Solution File, Format Version 12.00
# Visual Studio Version 17
VisualStudioVersion = 17.14.36705.20 d17.14
MinimumVisualStudioVersion = 10.0.40219.1
Project("{FAE04EC0-301F-11D3-BF4B-00C04F79EFBC}") = "19_7", "19_7.csproj", "{D00119C0-20C4-489C-B18D-8B6EACF99772}"
EndProject
Global
	GlobalSection(SolutionConfigurationPlatforms) = preSolution
		Debug|Any CPU = Debug|Any CPU
		Release|Any CPU = Release|Any CPU
	EndGlobalSection
	GlobalSection(ProjectConfigurationPlatforms) = postSolution
		{D00119C0-20C4-489C-B18D-8B6EACF99772}.Debug|Any CPU.ActiveCfg = Debug|Any CPU
		{D00119C0-20C4-489C-B18D-8B6EACF99772}.Debug|Any CPU.Build.0 = Debug|Any CPU
		{D00119C0-20C4-489C-B18D-8B6EACF99772}.Release|Any CPU.ActiveCfg = Release|Any CPU
		{D00119C0-20C4-489C-B18D-8B6EACF99772}.Release|Any CPU.Build.0 = Release|Any CPU
	EndGlobalSection
	GlobalSection(SolutionProperties) = preSolution
		HideSolutionNode = FALSE
	EndGlobalSection
	GlobalSection(ExtensibilityGlobals) = postSolution
		SolutionGuid = {02DA03F4-0B51-4E99-BCC1-67D3C471BA0C}
	EndGlobalSection
EndGlobal
