
Microsoft Visual Studio Solution File, Format Version 12.00
# Visual Studio Version 17
VisualStudioVersion = 17.14.36616.10 d17.14
MinimumVisualStudioVersion = 10.0.40219.1
Project("{FAE04EC0-301F-11D3-BF4B-00C04F79EFBC}") = "5_3", "5_3.csproj", "{32BEEF67-DFCA-4551-90C6-9DC2246E4FF9}"
EndProject
Global
	GlobalSection(SolutionConfigurationPlatforms) = preSolution
		Debug|Any CPU = Debug|Any CPU
		Release|Any CPU = Release|Any CPU
	EndGlobalSection
	GlobalSection(ProjectConfigurationPlatforms) = postSolution
		{32BEEF67-DFCA-4551-90C6-9DC2246E4FF9}.Debug|Any CPU.ActiveCfg = Debug|Any CPU
		{32BEEF67-DFCA-4551-90C6-9DC2246E4FF9}.Debug|Any CPU.Build.0 = Debug|Any CPU
		{32BEEF67-DFCA-4551-90C6-9DC2246E4FF9}.Release|Any CPU.ActiveCfg = Release|Any CPU
		{32BEEF67-DFCA-4551-90C6-9DC2246E4FF9}.Release|Any CPU.Build.0 = Release|Any CPU
	EndGlobalSection
	GlobalSection(SolutionProperties) = preSolution
		HideSolutionNode = FALSE
	EndGlobalSection
	GlobalSection(ExtensibilityGlobals) = postSolution
		SolutionGuid = {9CE2E177-5663-42F5-9B3C-BD782E54D2D4}
	EndGlobalSection
EndGlobal
