
Microsoft Visual Studio Solution File, Format Version 12.00
# Visual Studio Version 17
VisualStudioVersion = 17.14.36616.10 d17.14
MinimumVisualStudioVersion = 10.0.40219.1
Project("{FAE04EC0-301F-11D3-BF4B-00C04F79EFBC}") = "C_Sharp_3_3", "C_Sharp_3_3.csproj", "{C1F468F9-1857-4917-A157-4DE92BC3AD2A}"
EndProject
Global
	GlobalSection(SolutionConfigurationPlatforms) = preSolution
		Debug|Any CPU = Debug|Any CPU
		Release|Any CPU = Release|Any CPU
	EndGlobalSection
	GlobalSection(ProjectConfigurationPlatforms) = postSolution
		{C1F468F9-1857-4917-A157-4DE92BC3AD2A}.Debug|Any CPU.ActiveCfg = Debug|Any CPU
		{C1F468F9-1857-4917-A157-4DE92BC3AD2A}.Debug|Any CPU.Build.0 = Debug|Any CPU
		{C1F468F9-1857-4917-A157-4DE92BC3AD2A}.Release|Any CPU.ActiveCfg = Release|Any CPU
		{C1F468F9-1857-4917-A157-4DE92BC3AD2A}.Release|Any CPU.Build.0 = Release|Any CPU
	EndGlobalSection
	GlobalSection(SolutionProperties) = preSolution
		HideSolutionNode = FALSE
	EndGlobalSection
	GlobalSection(ExtensibilityGlobals) = postSolution
		SolutionGuid = {97BE73A5-1856-439E-85C5-BB65BF1F0541}
	EndGlobalSection
EndGlobal
